
Microsoft Visual Studio Solution File, Format Version 12.00
# Visual Studio 2017
Project("{FAE04EC0-301F-11D3-BF4B-00C04F79EFBC}") = "IAJ Decision Making 5.1", "IAJ Decision Making 5.1.csproj", "{80768226-7A6A-0ED5-4442-ACBFEE5EF20C}"
EndProject
Project("{FAE04EC0-301F-11D3-BF4B-00C04F79EFBC}") = "IAJ Decision Making 5.1.Editor", "IAJ Decision Making 5.1.Editor.csproj", "{03B773D4-AE99-0893-1EF4-D22FEEA26403}"
EndProject
Global
	GlobalSection(SolutionConfigurationPlatforms) = preSolution
		Debug|Any CPU = Debug|Any CPU
		Release|Any CPU = Release|Any CPU
	EndGlobalSection
	GlobalSection(ProjectConfigurationPlatforms) = postSolution
		{80768226-7A6A-0ED5-4442-ACBFEE5EF20C}.Debug|Any CPU.ActiveCfg = Debug|Any CPU
		{80768226-7A6A-0ED5-4442-ACBFEE5EF20C}.Debug|Any CPU.Build.0 = Debug|Any CPU
		{80768226-7A6A-0ED5-4442-ACBFEE5EF20C}.Release|Any CPU.ActiveCfg = Release|Any CPU
		{80768226-7A6A-0ED5-4442-ACBFEE5EF20C}.Release|Any CPU.Build.0 = Release|Any CPU
		{03B773D4-AE99-0893-1EF4-D22FEEA26403}.Debug|Any CPU.ActiveCfg = Debug|Any CPU
		{03B773D4-AE99-0893-1EF4-D22FEEA26403}.Debug|Any CPU.Build.0 = Debug|Any CPU
		{03B773D4-AE99-0893-1EF4-D22FEEA26403}.Release|Any CPU.ActiveCfg = Release|Any CPU
		{03B773D4-AE99-0893-1EF4-D22FEEA26403}.Release|Any CPU.Build.0 = Release|Any CPU
	EndGlobalSection
	GlobalSection(SolutionProperties) = preSolution
		HideSolutionNode = FALSE
	EndGlobalSection
EndGlobal
